
Microsoft Visual Studio Solution File, Format Version 12.00
# Visual Studio Version 17
VisualStudioVersion = 17.2.32519.379
MinimumVisualStudioVersion = 10.0.40219.1
Project("{FAE04EC0-301F-11D3-BF4B-00C04F79EFBC}") = "UniversidadesApi", "UniversidadesApi\UniversidadesApi.csproj", "{50D418C7-9C41-465A-9F06-FE546D688CBE}"
EndProject
Global
	GlobalSection(SolutionConfigurationPlatforms) = preSolution
		Debug|Any CPU = Debug|Any CPU
		Release|Any CPU = Release|Any CPU
	EndGlobalSection
	GlobalSection(ProjectConfigurationPlatforms) = postSolution
		{50D418C7-9C41-465A-9F06-FE546D688CBE}.Debug|Any CPU.ActiveCfg = Debug|Any CPU
		{50D418C7-9C41-465A-9F06-FE546D688CBE}.Debug|Any CPU.Build.0 = Debug|Any CPU
		{50D418C7-9C41-465A-9F06-FE546D688CBE}.Release|Any CPU.ActiveCfg = Release|Any CPU
		{50D418C7-9C41-465A-9F06-FE546D688CBE}.Release|Any CPU.Build.0 = Release|Any CPU
	EndGlobalSection
	GlobalSection(SolutionProperties) = preSolution
		HideSolutionNode = FALSE
	EndGlobalSection
	GlobalSection(ExtensibilityGlobals) = postSolution
		SolutionGuid = {6595AEE2-FBF2-4A7E-B80D-D610019B6B9A}
	EndGlobalSection
EndGlobal
